// !$*UTF8*$!
{
	archiveVersion = 1;
	classes = {
	};
	objectVersion = 56;
	objects = {

/* Begin PBXBuildFile section */
		9B3BE56F2B3E0E9000B49C1D /* Mousy_WaterApp.swift in Sources */ = {isa = PBXBuildFile; fileRef = 9B3BE56E2B3E0E9000B49C1D /* Mousy_WaterApp.swift */; };
		9B3BE5712B3E0E9000B49C1D /* ContentView.swift in Sources */ = {isa = PBXBuildFile; fileRef = 9B3BE5702B3E0E9000B49C1D /* ContentView.swift */; };
		9B3BE5732B3E0E9400B49C1D /* Assets.xcassets in Resources */ = {isa = PBXBuildFile; fileRef = 9B3BE5722B3E0E9400B49C1D /* Assets.xcassets */; };
		9B3BE5762B3E0E9400B49C1D /* Preview Assets.xcassets in Resources */ = {isa = PBXBuildFile; fileRef = 9B3BE5752B3E0E9400B49C1D /* Preview Assets.xcassets */; };
		9B6190862B3E7F5A00E0A749 /* FirebaseAuth in Frameworks */ = {isa = PBXBuildFile; productRef = 9B6190852B3E7F5A00E0A749 /* FirebaseAuth */; };
		9B6190882B3E7F5A00E0A749 /* FirebaseFirestore in Frameworks */ = {isa = PBXBuildFile; productRef = 9B6190872B3E7F5A00E0A749 /* FirebaseFirestore */; };
		9B61908A2B3E7F5A00E0A749 /* FirebaseFirestoreSwift in Frameworks */ = {isa = PBXBuildFile; productRef = 9B6190892B3E7F5A00E0A749 /* FirebaseFirestoreSwift */; };
		9B61908C2B3E7F5A00E0A749 /* FirebaseStorage in Frameworks */ = {isa = PBXBuildFile; productRef = 9B61908B2B3E7F5A00E0A749 /* FirebaseStorage */; };
		9B8F23682B40B4B1000A1B2C /* ProductsView.swift in Sources */ = {isa = PBXBuildFile; fileRef = 9B8F23672B40B4B1000A1B2C /* ProductsView.swift */; };
		9B8F236A2B40B69B000A1B2C /* CartView.swift in Sources */ = {isa = PBXBuildFile; fileRef = 9B8F23692B40B69A000A1B2C /* CartView.swift */; };
		9B932CDD2B3E119300A91113 /* LoginView.swift in Sources */ = {isa = PBXBuildFile; fileRef = 9B932CDC2B3E119300A91113 /* LoginView.swift */; };
		9B932CDF2B3E135900A91113 /* InputView.swift in Sources */ = {isa = PBXBuildFile; fileRef = 9B932CDE2B3E135900A91113 /* InputView.swift */; };
		9B932CE12B3E2B5100A91113 /* RegistrationView.swift in Sources */ = {isa = PBXBuildFile; fileRef = 9B932CE02B3E2B5100A91113 /* RegistrationView.swift */; };
		9B932CE32B3E2F2A00A91113 /* ProfileView.swift in Sources */ = {isa = PBXBuildFile; fileRef = 9B932CE22B3E2F2A00A91113 /* ProfileView.swift */; };
		9B932CE52B3E31C300A91113 /* SettingsRowView.swift in Sources */ = {isa = PBXBuildFile; fileRef = 9B932CE42B3E31C300A91113 /* SettingsRowView.swift */; };
		9B932CE72B3E36E500A91113 /* User.swift in Sources */ = {isa = PBXBuildFile; fileRef = 9B932CE62B3E36E500A91113 /* User.swift */; };
		9B932CE92B3E552000A91113 /* GoogleService-Info.plist in Resources */ = {isa = PBXBuildFile; fileRef = 9B932CE82B3E551F00A91113 /* GoogleService-Info.plist */; };
		9B932CEE2B3E595C00A91113 /* AuthViewModel.swift in Sources */ = {isa = PBXBuildFile; fileRef = 9B932CED2B3E595B00A91113 /* AuthViewModel.swift */; };
		9BF2945C2B40B99100C45E50 /* PaymentButton.swift in Sources */ = {isa = PBXBuildFile; fileRef = 9BF2945B2B40B99100C45E50 /* PaymentButton.swift */; };
		9BF2945E2B40B9FE00C45E50 /* Product.swift in Sources */ = {isa = PBXBuildFile; fileRef = 9BF2945D2B40B9FE00C45E50 /* Product.swift */; };
		9BF294602B40BAC600C45E50 /* ProductCard.swift in Sources */ = {isa = PBXBuildFile; fileRef = 9BF2945F2B40BAC500C45E50 /* ProductCard.swift */; };
		9BF294622B40BB1300C45E50 /* CartButton.swift in Sources */ = {isa = PBXBuildFile; fileRef = 9BF294612B40BB1300C45E50 /* CartButton.swift */; };
		9BF294642B40BB4900C45E50 /* ProductRow.swift in Sources */ = {isa = PBXBuildFile; fileRef = 9BF294632B40BB4900C45E50 /* ProductRow.swift */; };
		9BF294662B40BB8A00C45E50 /* CartManager.swift in Sources */ = {isa = PBXBuildFile; fileRef = 9BF294652B40BB8A00C45E50 /* CartManager.swift */; };
		9BF294682B40BBBB00C45E50 /* PaymentCompletionHandler.swift in Sources */ = {isa = PBXBuildFile; fileRef = 9BF294672B40BBBB00C45E50 /* PaymentCompletionHandler.swift */; };
		9BF2946A2B40BFF100C45E50 /* SettingsButton.swift in Sources */ = {isa = PBXBuildFile; fileRef = 9BF294692B40BFF100C45E50 /* SettingsButton.swift */; };
/* End PBXBuildFile section */

/* Begin PBXFileReference section */
		9B3BE56B2B3E0E9000B49C1D /* Mousy-Water.app */ = {isa = PBXFileReference; explicitFileType = wrapper.application; includeInIndex = 0; path = "Mousy-Water.app"; sourceTree = BUILT_PRODUCTS_DIR; };
		9B3BE56E2B3E0E9000B49C1D /* Mousy_WaterApp.swift */ = {isa = PBXFileReference; lastKnownFileType = sourcecode.swift; path = Mousy_WaterApp.swift; sourceTree = "<group>"; };
		9B3BE5702B3E0E9000B49C1D /* ContentView.swift */ = {isa = PBXFileReference; lastKnownFileType = sourcecode.swift; path = ContentView.swift; sourceTree = "<group>"; };
		9B3BE5722B3E0E9400B49C1D /* Assets.xcassets */ = {isa = PBXFileReference; lastKnownFileType = folder.assetcatalog; path = Assets.xcassets; sourceTree = "<group>"; };
		9B3BE5752B3E0E9400B49C1D /* Preview Assets.xcassets */ = {isa = PBXFileReference; lastKnownFileType = folder.assetcatalog; path = "Preview Assets.xcassets"; sourceTree = "<group>"; };
		9B8F23672B40B4B1000A1B2C /* ProductsView.swift */ = {isa = PBXFileReference; lastKnownFileType = sourcecode.swift; path = ProductsView.swift; sourceTree = "<group>"; };
		9B8F23692B40B69A000A1B2C /* CartView.swift */ = {isa = PBXFileReference; lastKnownFileType = sourcecode.swift; path = CartView.swift; sourceTree = "<group>"; };
		9B932CDC2B3E119300A91113 /* LoginView.swift */ = {isa = PBXFileReference; lastKnownFileType = sourcecode.swift; path = LoginView.swift; sourceTree = "<group>"; };
		9B932CDE2B3E135900A91113 /* InputView.swift */ = {isa = PBXFileReference; lastKnownFileType = sourcecode.swift; path = InputView.swift; sourceTree = "<group>"; };
		9B932CE02B3E2B5100A91113 /* RegistrationView.swift */ = {isa = PBXFileReference; lastKnownFileType = sourcecode.swift; path = RegistrationView.swift; sourceTree = "<group>"; };
		9B932CE22B3E2F2A00A91113 /* ProfileView.swift */ = {isa = PBXFileReference; lastKnownFileType = sourcecode.swift; path = ProfileView.swift; sourceTree = "<group>"; };
		9B932CE42B3E31C300A91113 /* SettingsRowView.swift */ = {isa = PBXFileReference; lastKnownFileType = sourcecode.swift; path = SettingsRowView.swift; sourceTree = "<group>"; };
		9B932CE62B3E36E500A91113 /* User.swift */ = {isa = PBXFileReference; lastKnownFileType = sourcecode.swift; path = User.swift; sourceTree = "<group>"; };
		9B932CE82B3E551F00A91113 /* GoogleService-Info.plist */ = {isa = PBXFileReference; fileEncoding = 4; lastKnownFileType = text.plist.xml; path = "GoogleService-Info.plist"; sourceTree = "<group>"; };
		9B932CED2B3E595B00A91113 /* AuthViewModel.swift */ = {isa = PBXFileReference; lastKnownFileType = sourcecode.swift; path = AuthViewModel.swift; sourceTree = "<group>"; };
		9BF2945B2B40B99100C45E50 /* PaymentButton.swift */ = {isa = PBXFileReference; lastKnownFileType = sourcecode.swift; path = PaymentButton.swift; sourceTree = "<group>"; };
		9BF2945D2B40B9FE00C45E50 /* Product.swift */ = {isa = PBXFileReference; lastKnownFileType = sourcecode.swift; path = Product.swift; sourceTree = "<group>"; };
		9BF2945F2B40BAC500C45E50 /* ProductCard.swift */ = {isa = PBXFileReference; lastKnownFileType = sourcecode.swift; path = ProductCard.swift; sourceTree = "<group>"; };
		9BF294612B40BB1300C45E50 /* CartButton.swift */ = {isa = PBXFileReference; lastKnownFileType = sourcecode.swift; path = CartButton.swift; sourceTree = "<group>"; };
		9BF294632B40BB4900C45E50 /* ProductRow.swift */ = {isa = PBXFileReference; lastKnownFileType = sourcecode.swift; path = ProductRow.swift; sourceTree = "<group>"; };
		9BF294652B40BB8A00C45E50 /* CartManager.swift */ = {isa = PBXFileReference; lastKnownFileType = sourcecode.swift; path = CartManager.swift; sourceTree = "<group>"; };
		9BF294672B40BBBB00C45E50 /* PaymentCompletionHandler.swift */ = {isa = PBXFileReference; lastKnownFileType = sourcecode.swift; path = PaymentCompletionHandler.swift; sourceTree = "<group>"; };
		9BF294692B40BFF100C45E50 /* SettingsButton.swift */ = {isa = PBXFileReference; lastKnownFileType = sourcecode.swift; path = SettingsButton.swift; sourceTree = "<group>"; };
/* End PBXFileReference section */

/* Begin PBXFrameworksBuildPhase section */
		9B3BE5682B3E0E9000B49C1D /* Frameworks */ = {
			isa = PBXFrameworksBuildPhase;
			buildActionMask = 2147483647;
			files = (
				9B6190862B3E7F5A00E0A749 /* FirebaseAuth in Frameworks */,
				9B61908C2B3E7F5A00E0A749 /* FirebaseStorage in Frameworks */,
				9B6190882B3E7F5A00E0A749 /* FirebaseFirestore in Frameworks */,
				9B61908A2B3E7F5A00E0A749 /* FirebaseFirestoreSwift in Frameworks */,
			);
			runOnlyForDeploymentPostprocessing = 0;
		};
/* End PBXFrameworksBuildPhase section */

/* Begin PBXGroup section */
		9B3BE5622B3E0E9000B49C1D = {
			isa = PBXGroup;
			children = (
				9B3BE56D2B3E0E9000B49C1D /* Mousy-Water */,
				9B3BE56C2B3E0E9000B49C1D /* Products */,
			);
			sourceTree = "<group>";
		};
		9B3BE56C2B3E0E9000B49C1D /* Products */ = {
			isa = PBXGroup;
			children = (
				9B3BE56B2B3E0E9000B49C1D /* Mousy-Water.app */,
			);
			name = Products;
			sourceTree = "<group>";
		};
		9B3BE56D2B3E0E9000B49C1D /* Mousy-Water */ = {
			isa = PBXGroup;
			children = (
				9B932CD82B3E108300A91113 /* Model */,
				9B932CD72B3E107A00A91113 /* Core */,
				9B932CD62B3E106B00A91113 /* Components */,
				9B932CD52B3E106100A91113 /* App */,
				9B3BE5722B3E0E9400B49C1D /* Assets.xcassets */,
				9B932CE82B3E551F00A91113 /* GoogleService-Info.plist */,
				9B3BE5742B3E0E9400B49C1D /* Preview Content */,
			);
			path = "Mousy-Water";
			sourceTree = "<group>";
		};
		9B3BE5742B3E0E9400B49C1D /* Preview Content */ = {
			isa = PBXGroup;
			children = (
				9B3BE5752B3E0E9400B49C1D /* Preview Assets.xcassets */,
				9BF294652B40BB8A00C45E50 /* CartManager.swift */,
				9BF294672B40BBBB00C45E50 /* PaymentCompletionHandler.swift */,
			);
			path = "Preview Content";
			sourceTree = "<group>";
		};
		9B932CD52B3E106100A91113 /* App */ = {
			isa = PBXGroup;
			children = (
				9B3BE56E2B3E0E9000B49C1D /* Mousy_WaterApp.swift */,
			);
			path = App;
			sourceTree = "<group>";
		};
		9B932CD62B3E106B00A91113 /* Components */ = {
			isa = PBXGroup;
			children = (
				9B932CDE2B3E135900A91113 /* InputView.swift */,
				9B932CE42B3E31C300A91113 /* SettingsRowView.swift */,
				9BF2945F2B40BAC500C45E50 /* ProductCard.swift */,
				9BF294612B40BB1300C45E50 /* CartButton.swift */,
				9BF294632B40BB4900C45E50 /* ProductRow.swift */,
				9BF294692B40BFF100C45E50 /* SettingsButton.swift */,
			);
			path = Components;
			sourceTree = "<group>";
		};
		9B932CD72B3E107A00A91113 /* Core */ = {
			isa = PBXGroup;
			children = (
				9B932CDA2B3E113C00A91113 /* Authentication */,
				9B932CDB2B3E115600A91113 /* Profile */,
				9B932CD92B3E111B00A91113 /* Root */,
			);
			path = Core;
			sourceTree = "<group>";
		};
		9B932CD82B3E108300A91113 /* Model */ = {
			isa = PBXGroup;
			children = (
				9B932CE62B3E36E500A91113 /* User.swift */,
				9BF2945D2B40B9FE00C45E50 /* Product.swift */,
			);
			path = Model;
			sourceTree = "<group>";
		};
		9B932CD92B3E111B00A91113 /* Root */ = {
			isa = PBXGroup;
			children = (
				9B3BE5702B3E0E9000B49C1D /* ContentView.swift */,
			);
			path = Root;
			sourceTree = "<group>";
		};
		9B932CDA2B3E113C00A91113 /* Authentication */ = {
			isa = PBXGroup;
			children = (
				9B932CEC2B3E58E000A91113 /* ViewModel */,
				9B932CEB2B3E58D700A91113 /* View */,
			);
			path = Authentication;
			sourceTree = "<group>";
		};
		9B932CDB2B3E115600A91113 /* Profile */ = {
			isa = PBXGroup;
			children = (
				9B932CE22B3E2F2A00A91113 /* ProfileView.swift */,
			);
			path = Profile;
			sourceTree = "<group>";
		};
		9B932CEB2B3E58D700A91113 /* View */ = {
			isa = PBXGroup;
			children = (
				9B932CE02B3E2B5100A91113 /* RegistrationView.swift */,
				9B932CDC2B3E119300A91113 /* LoginView.swift */,
				9B8F23672B40B4B1000A1B2C /* ProductsView.swift */,
				9B8F23692B40B69A000A1B2C /* CartView.swift */,
				9BF2945B2B40B99100C45E50 /* PaymentButton.swift */,
			);
			path = View;
			sourceTree = "<group>";
		};
		9B932CEC2B3E58E000A91113 /* ViewModel */ = {
			isa = PBXGroup;
			children = (
				9B932CED2B3E595B00A91113 /* AuthViewModel.swift */,
			);
			path = ViewModel;
			sourceTree = "<group>";
		};
/* End PBXGroup section */

/* Begin PBXNativeTarget section */
		9B3BE56A2B3E0E9000B49C1D /* Mousy-Water */ = {
			isa = PBXNativeTarget;
			buildConfigurationList = 9B3BE5792B3E0E9400B49C1D /* Build configuration list for PBXNativeTarget "Mousy-Water" */;
			buildPhases = (
				9B3BE5672B3E0E9000B49C1D /* Sources */,
				9B3BE5682B3E0E9000B49C1D /* Frameworks */,
				9B3BE5692B3E0E9000B49C1D /* Resources */,
			);
			buildRules = (
			);
			dependencies = (
			);
			name = "Mousy-Water";
			packageProductDependencies = (
				9B6190852B3E7F5A00E0A749 /* FirebaseAuth */,
				9B6190872B3E7F5A00E0A749 /* FirebaseFirestore */,
				9B6190892B3E7F5A00E0A749 /* FirebaseFirestoreSwift */,
				9B61908B2B3E7F5A00E0A749 /* FirebaseStorage */,
			);
			productName = "Mousy-Water";
			productReference = 9B3BE56B2B3E0E9000B49C1D /* Mousy-Water.app */;
			productType = "com.apple.product-type.application";
		};
/* End PBXNativeTarget section */

/* Begin PBXProject section */
		9B3BE5632B3E0E9000B49C1D /* Project object */ = {
			isa = PBXProject;
			attributes = {
				BuildIndependentTargetsInParallel = 1;
				LastSwiftUpdateCheck = 1420;
				LastUpgradeCheck = 1420;
				TargetAttributes = {
					9B3BE56A2B3E0E9000B49C1D = {
						CreatedOnToolsVersion = 14.2;
					};
				};
			};
			buildConfigurationList = 9B3BE5662B3E0E9000B49C1D /* Build configuration list for PBXProject "Mousy-Water" */;
			compatibilityVersion = "Xcode 14.0";
			developmentRegion = en;
			hasScannedForEncodings = 0;
			knownRegions = (
				en,
				Base,
			);
			mainGroup = 9B3BE5622B3E0E9000B49C1D;
			packageReferences = (
				9B6190842B3E7F5A00E0A749 /* XCRemoteSwiftPackageReference "firebase-ios-sdk" */,
			);
			productRefGroup = 9B3BE56C2B3E0E9000B49C1D /* Products */;
			projectDirPath = "";
			projectRoot = "";
			targets = (
				9B3BE56A2B3E0E9000B49C1D /* Mousy-Water */,
			);
		};
/* End PBXProject section */

/* Begin PBXResourcesBuildPhase section */
		9B3BE5692B3E0E9000B49C1D /* Resources */ = {
			isa = PBXResourcesBuildPhase;
			buildActionMask = 2147483647;
			files = (
				9B3BE5762B3E0E9400B49C1D /* Preview Assets.xcassets in Resources */,
				9B3BE5732B3E0E9400B49C1D /* Assets.xcassets in Resources */,
				9B932CE92B3E552000A91113 /* GoogleService-Info.plist in Resources */,
			);
			runOnlyForDeploymentPostprocessing = 0;
		};
/* End PBXResourcesBuildPhase section */

/* Begin PBXSourcesBuildPhase section */
		9B3BE5672B3E0E9000B49C1D /* Sources */ = {
			isa = PBXSourcesBuildPhase;
			buildActionMask = 2147483647;
			files = (
				9BF294662B40BB8A00C45E50 /* CartManager.swift in Sources */,
				9BF2945C2B40B99100C45E50 /* PaymentButton.swift in Sources */,
				9B932CDD2B3E119300A91113 /* LoginView.swift in Sources */,
				9B932CDF2B3E135900A91113 /* InputView.swift in Sources */,
				9B3BE5712B3E0E9000B49C1D /* ContentView.swift in Sources */,
				9BF294642B40BB4900C45E50 /* ProductRow.swift in Sources */,
				9B3BE56F2B3E0E9000B49C1D /* Mousy_WaterApp.swift in Sources */,
				9B8F23682B40B4B1000A1B2C /* ProductsView.swift in Sources */,
				9B932CE72B3E36E500A91113 /* User.swift in Sources */,
				9BF294682B40BBBB00C45E50 /* PaymentCompletionHandler.swift in Sources */,
				9B8F236A2B40B69B000A1B2C /* CartView.swift in Sources */,
				9BF2946A2B40BFF100C45E50 /* SettingsButton.swift in Sources */,
				9B932CE32B3E2F2A00A91113 /* ProfileView.swift in Sources */,
				9B932CE12B3E2B5100A91113 /* RegistrationView.swift in Sources */,
				9B932CE52B3E31C300A91113 /* SettingsRowView.swift in Sources */,
				9B932CEE2B3E595C00A91113 /* AuthViewModel.swift in Sources */,
				9BF2945E2B40B9FE00C45E50 /* Product.swift in Sources */,
				9BF294602B40BAC600C45E50 /* ProductCard.swift in Sources */,
				9BF294622B40BB1300C45E50 /* CartButton.swift in Sources */,
			);
			runOnlyForDeploymentPostprocessing = 0;
		};
/* End PBXSourcesBuildPhase section */

/* Begin XCBuildConfiguration section */
		9B3BE5772B3E0E9400B49C1D /* Debug */ = {
			isa = XCBuildConfiguration;
			buildSettings = {
				ALWAYS_SEARCH_USER_PATHS = NO;
				CLANG_ANALYZER_NONNULL = YES;
				CLANG_ANALYZER_NUMBER_OBJECT_CONVERSION = YES_AGGRESSIVE;
				CLANG_CXX_LANGUAGE_STANDARD = "gnu++20";
				CLANG_ENABLE_MODULES = YES;
				CLANG_ENABLE_OBJC_ARC = YES;
				CLANG_ENABLE_OBJC_WEAK = YES;
				CLANG_WARN_BLOCK_CAPTURE_AUTORELEASING = YES;
				CLANG_WARN_BOOL_CONVERSION = YES;
				CLANG_WARN_COMMA = YES;
				CLANG_WARN_CONSTANT_CONVERSION = YES;
				CLANG_WARN_DEPRECATED_OBJC_IMPLEMENTATIONS = YES;
				CLANG_WARN_DIRECT_OBJC_ISA_USAGE = YES_ERROR;
				CLANG_WARN_DOCUMENTATION_COMMENTS = YES;
				CLANG_WARN_EMPTY_BODY = YES;
				CLANG_WARN_ENUM_CONVERSION = YES;
				CLANG_WARN_INFINITE_RECURSION = YES;
				CLANG_WARN_INT_CONVERSION = YES;
				CLANG_WARN_NON_LITERAL_NULL_CONVERSION = YES;
				CLANG_WARN_OBJC_IMPLICIT_RETAIN_SELF = YES;
				CLANG_WARN_OBJC_LITERAL_CONVERSION = YES;
				CLANG_WARN_OBJC_ROOT_CLASS = YES_ERROR;
				CLANG_WARN_QUOTED_INCLUDE_IN_FRAMEWORK_HEADER = YES;
				CLANG_WARN_RANGE_LOOP_ANALYSIS = YES;
				CLANG_WARN_STRICT_PROTOTYPES = YES;
				CLANG_WARN_SUSPICIOUS_MOVE = YES;
				CLANG_WARN_UNGUARDED_AVAILABILITY = YES_AGGRESSIVE;
				CLANG_WARN_UNREACHABLE_CODE = YES;
				CLANG_WARN__DUPLICATE_METHOD_MATCH = YES;
				COPY_PHASE_STRIP = NO;
				DEBUG_INFORMATION_FORMAT = dwarf;
				ENABLE_STRICT_OBJC_MSGSEND = YES;
				ENABLE_TESTABILITY = YES;
				GCC_C_LANGUAGE_STANDARD = gnu11;
				GCC_DYNAMIC_NO_PIC = NO;
				GCC_NO_COMMON_BLOCKS = YES;
				GCC_OPTIMIZATION_LEVEL = 0;
				GCC_PREPROCESSOR_DEFINITIONS = (
					"DEBUG=1",
					"$(inherited)",
				);
				GCC_WARN_64_TO_32_BIT_CONVERSION = YES;
				GCC_WARN_ABOUT_RETURN_TYPE = YES_ERROR;
				GCC_WARN_UNDECLARED_SELECTOR = YES;
				GCC_WARN_UNINITIALIZED_AUTOS = YES_AGGRESSIVE;
				GCC_WARN_UNUSED_FUNCTION = YES;
				GCC_WARN_UNUSED_VARIABLE = YES;
				IPHONEOS_DEPLOYMENT_TARGET = 16.2;
				MTL_ENABLE_DEBUG_INFO = INCLUDE_SOURCE;
				MTL_FAST_MATH = YES;
				ONLY_ACTIVE_ARCH = YES;
				SDKROOT = iphoneos;
				SWIFT_ACTIVE_COMPILATION_CONDITIONS = DEBUG;
				SWIFT_OPTIMIZATION_LEVEL = "-Onone";
			};
			name = Debug;
		};
		9B3BE5782B3E0E9400B49C1D /* Release */ = {
			isa = XCBuildConfiguration;
			buildSettings = {
				ALWAYS_SEARCH_USER_PATHS = NO;
				CLANG_ANALYZER_NONNULL = YES;
				CLANG_ANALYZER_NUMBER_OBJECT_CONVERSION = YES_AGGRESSIVE;
				CLANG_CXX_LANGUAGE_STANDARD = "gnu++20";
				CLANG_ENABLE_MODULES = YES;
				CLANG_ENABLE_OBJC_ARC = YES;
				CLANG_ENABLE_OBJC_WEAK = YES;
				CLANG_WARN_BLOCK_CAPTURE_AUTORELEASING = YES;
				CLANG_WARN_BOOL_CONVERSION = YES;
				CLANG_WARN_COMMA = YES;
				CLANG_WARN_CONSTANT_CONVERSION = YES;
				CLANG_WARN_DEPRECATED_OBJC_IMPLEMENTATIONS = YES;
				CLANG_WARN_DIRECT_OBJC_ISA_USAGE = YES_ERROR;
				CLANG_WARN_DOCUMENTATION_COMMENTS = YES;
				CLANG_WARN_EMPTY_BODY = YES;
				CLANG_WARN_ENUM_CONVERSION = YES;
				CLANG_WARN_INFINITE_RECURSION = YES;
				CLANG_WARN_INT_CONVERSION = YES;
				CLANG_WARN_NON_LITERAL_NULL_CONVERSION = YES;
				CLANG_WARN_OBJC_IMPLICIT_RETAIN_SELF = YES;
				CLANG_WARN_OBJC_LITERAL_CONVERSION = YES;
				CLANG_WARN_OBJC_ROOT_CLASS = YES_ERROR;
				CLANG_WARN_QUOTED_INCLUDE_IN_FRAMEWORK_HEADER = YES;
				CLANG_WARN_RANGE_LOOP_ANALYSIS = YES;
				CLANG_WARN_STRICT_PROTOTYPES = YES;
				CLANG_WARN_SUSPICIOUS_MOVE = YES;
				CLANG_WARN_UNGUARDED_AVAILABILITY = YES_AGGRESSIVE;
				CLANG_WARN_UNREACHABLE_CODE = YES;
				CLANG_WARN__DUPLICATE_METHOD_MATCH = YES;
				COPY_PHASE_STRIP = NO;
				DEBUG_INFORMATION_FORMAT = "dwarf-with-dsym";
				ENABLE_NS_ASSERTIONS = NO;
				ENABLE_STRICT_OBJC_MSGSEND = YES;
				GCC_C_LANGUAGE_STANDARD = gnu11;
				GCC_NO_COMMON_BLOCKS = YES;
				GCC_WARN_64_TO_32_BIT_CONVERSION = YES;
				GCC_WARN_ABOUT_RETURN_TYPE = YES_ERROR;
				GCC_WARN_UNDECLARED_SELECTOR = YES;
				GCC_WARN_UNINITIALIZED_AUTOS = YES_AGGRESSIVE;
				GCC_WARN_UNUSED_FUNCTION = YES;
				GCC_WARN_UNUSED_VARIABLE = YES;
				IPHONEOS_DEPLOYMENT_TARGET = 16.2;
				MTL_ENABLE_DEBUG_INFO = NO;
				MTL_FAST_MATH = YES;
				SDKROOT = iphoneos;
				SWIFT_COMPILATION_MODE = wholemodule;
				SWIFT_OPTIMIZATION_LEVEL = "-O";
				VALIDATE_PRODUCT = YES;
			};
			name = Release;
		};
		9B3BE57A2B3E0E9400B49C1D /* Debug */ = {
			isa = XCBuildConfiguration;
			buildSettings = {
				ASSETCATALOG_COMPILER_APPICON_NAME = AppIcon;
				ASSETCATALOG_COMPILER_GLOBAL_ACCENT_COLOR_NAME = AccentColor;
				CODE_SIGN_STYLE = Automatic;
				CURRENT_PROJECT_VERSION = 1;
				DEVELOPMENT_ASSET_PATHS = "\"Mousy-Water/Preview Content\"";
				DEVELOPMENT_TEAM = BN7VKM9KUJ;
				ENABLE_PREVIEWS = YES;
				GENERATE_INFOPLIST_FILE = YES;
				INFOPLIST_KEY_UIApplicationSceneManifest_Generation = YES;
				INFOPLIST_KEY_UIApplicationSupportsIndirectInputEvents = YES;
				INFOPLIST_KEY_UILaunchScreen_Generation = YES;
				INFOPLIST_KEY_UISupportedInterfaceOrientations_iPad = "UIInterfaceOrientationPortrait UIInterfaceOrientationPortraitUpsideDown UIInterfaceOrientationLandscapeLeft UIInterfaceOrientationLandscapeRight";
				INFOPLIST_KEY_UISupportedInterfaceOrientations_iPhone = "UIInterfaceOrientationPortrait UIInterfaceOrientationLandscapeLeft UIInterfaceOrientationLandscapeRight";
				LD_RUNPATH_SEARCH_PATHS = (
					"$(inherited)",
					"@executable_path/Frameworks",
				);
				MARKETING_VERSION = 1.0;
				PRODUCT_BUNDLE_IDENTIFIER = "com.paul.Mousy-Water";
				PRODUCT_NAME = "$(TARGET_NAME)";
				SWIFT_EMIT_LOC_STRINGS = YES;
				SWIFT_VERSION = 5.0;
				TARGETED_DEVICE_FAMILY = "1,2";
			};
			name = Debug;
		};
		9B3BE57B2B3E0E9400B49C1D /* Release */ = {
			isa = XCBuildConfiguration;
			buildSettings = {
				ASSETCATALOG_COMPILER_APPICON_NAME = AppIcon;
				ASSETCATALOG_COMPILER_GLOBAL_ACCENT_COLOR_NAME = AccentColor;
				CODE_SIGN_STYLE = Automatic;
				CURRENT_PROJECT_VERSION = 1;
				DEVELOPMENT_ASSET_PATHS = "\"Mousy-Water/Preview Content\"";
				DEVELOPMENT_TEAM = BN7VKM9KUJ;
				ENABLE_PREVIEWS = YES;
				GENERATE_INFOPLIST_FILE = YES;
				INFOPLIST_KEY_UIApplicationSceneManifest_Generation = YES;
				INFOPLIST_KEY_UIApplicationSupportsIndirectInputEvents = YES;
				INFOPLIST_KEY_UILaunchScreen_Generation = YES;
				INFOPLIST_KEY_UISupportedInterfaceOrientations_iPad = "UIInterfaceOrientationPortrait UIInterfaceOrientationPortraitUpsideDown UIInterfaceOrientationLandscapeLeft UIInterfaceOrientationLandscapeRight";
				INFOPLIST_KEY_UISupportedInterfaceOrientations_iPhone = "UIInterfaceOrientationPortrait UIInterfaceOrientationLandscapeLeft UIInterfaceOrientationLandscapeRight";
				LD_RUNPATH_SEARCH_PATHS = (
					"$(inherited)",
					"@executable_path/Frameworks",
				);
				MARKETING_VERSION = 1.0;
				PRODUCT_BUNDLE_IDENTIFIER = "com.paul.Mousy-Water";
				PRODUCT_NAME = "$(TARGET_NAME)";
				SWIFT_EMIT_LOC_STRINGS = YES;
				SWIFT_VERSION = 5.0;
				TARGETED_DEVICE_FAMILY = "1,2";
			};
			name = Release;
		};
/* End XCBuildConfiguration section */

/* Begin XCConfigurationList section */
		9B3BE5662B3E0E9000B49C1D /* Build configuration list for PBXProject "Mousy-Water" */ = {
			isa = XCConfigurationList;
			buildConfigurations = (
				9B3BE5772B3E0E9400B49C1D /* Debug */,
				9B3BE5782B3E0E9400B49C1D /* Release */,
			);
			defaultConfigurationIsVisible = 0;
			defaultConfigurationName = Release;
		};
		9B3BE5792B3E0E9400B49C1D /* Build configuration list for PBXNativeTarget "Mousy-Water" */ = {
			isa = XCConfigurationList;
			buildConfigurations = (
				9B3BE57A2B3E0E9400B49C1D /* Debug */,
				9B3BE57B2B3E0E9400B49C1D /* Release */,
			);
			defaultConfigurationIsVisible = 0;
			defaultConfigurationName = Release;
		};
/* End XCConfigurationList section */

/* Begin XCRemoteSwiftPackageReference section */
		9B6190842B3E7F5A00E0A749 /* XCRemoteSwiftPackageReference "firebase-ios-sdk" */ = {
			isa = XCRemoteSwiftPackageReference;
			repositoryURL = "https://github.com/firebase/firebase-ios-sdk";
			requirement = {
				kind = exactVersion;
				version = 10.0.0;
			};
		};
/* End XCRemoteSwiftPackageReference section */

/* Begin XCSwiftPackageProductDependency section */
		9B6190852B3E7F5A00E0A749 /* FirebaseAuth */ = {
			isa = XCSwiftPackageProductDependency;
			package = 9B6190842B3E7F5A00E0A749 /* XCRemoteSwiftPackageReference "firebase-ios-sdk" */;
			productName = FirebaseAuth;
		};
		9B6190872B3E7F5A00E0A749 /* FirebaseFirestore */ = {
			isa = XCSwiftPackageProductDependency;
			package = 9B6190842B3E7F5A00E0A749 /* XCRemoteSwiftPackageReference "firebase-ios-sdk" */;
			productName = FirebaseFirestore;
		};
		9B6190892B3E7F5A00E0A749 /* FirebaseFirestoreSwift */ = {
			isa = XCSwiftPackageProductDependency;
			package = 9B6190842B3E7F5A00E0A749 /* XCRemoteSwiftPackageReference "firebase-ios-sdk" */;
			productName = FirebaseFirestoreSwift;
		};
		9B61908B2B3E7F5A00E0A749 /* FirebaseStorage */ = {
			isa = XCSwiftPackageProductDependency;
			package = 9B6190842B3E7F5A00E0A749 /* XCRemoteSwiftPackageReference "firebase-ios-sdk" */;
			productName = FirebaseStorage;
		};
/* End XCSwiftPackageProductDependency section */
	};
	rootObject = 9B3BE5632B3E0E9000B49C1D /* Project object */;
}
